
Microsoft Visual Studio Solution File, Format Version 12.00
# Visual Studio Version 17
VisualStudioVersion = 17.5.33627.172
MinimumVisualStudioVersion = 10.0.40219.1
Project("{9A19103F-16F7-4668-BE54-9A1E7A4F7556}") = "RCLWebBranch", "RCLWebBranch\RCLWebBranch.csproj", "{E2B8E9F6-32ED-472A-AD79-FABE8BA53536}"
EndProject
Project("{FAE04EC0-301F-11D3-BF4B-00C04F79EFBC}") = "RCLWebBranch.Infrastructure", "RCLWebBranch.Infrastructure\RCLWebBranch.Infrastructure.csproj", "{271C3722-2775-48DF-AA85-D7AE68B9DBB2}"
EndProject
Project("{FAE04EC0-301F-11D3-BF4B-00C04F79EFBC}") = "RCLWebBranch.DATA", "RCLWebBranch.DATA\RCLWebBranch.DATA.csproj", "{93ACF937-6AF6-4DFA-B63D-589EF97564E0}"
EndProject
Global
	GlobalSection(SolutionConfigurationPlatforms) = preSolution
		Debug|Any CPU = Debug|Any CPU
		Release|Any CPU = Release|Any CPU
	EndGlobalSection
	GlobalSection(ProjectConfigurationPlatforms) = postSolution
		{E2B8E9F6-32ED-472A-AD79-FABE8BA53536}.Debug|Any CPU.ActiveCfg = Debug|Any CPU
		{E2B8E9F6-32ED-472A-AD79-FABE8BA53536}.Debug|Any CPU.Build.0 = Debug|Any CPU
		{E2B8E9F6-32ED-472A-AD79-FABE8BA53536}.Release|Any CPU.ActiveCfg = Release|Any CPU
		{E2B8E9F6-32ED-472A-AD79-FABE8BA53536}.Release|Any CPU.Build.0 = Release|Any CPU
		{271C3722-2775-48DF-AA85-D7AE68B9DBB2}.Debug|Any CPU.ActiveCfg = Debug|Any CPU
		{271C3722-2775-48DF-AA85-D7AE68B9DBB2}.Debug|Any CPU.Build.0 = Debug|Any CPU
		{271C3722-2775-48DF-AA85-D7AE68B9DBB2}.Release|Any CPU.ActiveCfg = Release|Any CPU
		{271C3722-2775-48DF-AA85-D7AE68B9DBB2}.Release|Any CPU.Build.0 = Release|Any CPU
		{93ACF937-6AF6-4DFA-B63D-589EF97564E0}.Debug|Any CPU.ActiveCfg = Debug|Any CPU
		{93ACF937-6AF6-4DFA-B63D-589EF97564E0}.Debug|Any CPU.Build.0 = Debug|Any CPU
		{93ACF937-6AF6-4DFA-B63D-589EF97564E0}.Release|Any CPU.ActiveCfg = Release|Any CPU
		{93ACF937-6AF6-4DFA-B63D-589EF97564E0}.Release|Any CPU.Build.0 = Release|Any CPU
	EndGlobalSection
	GlobalSection(SolutionProperties) = preSolution
		HideSolutionNode = FALSE
	EndGlobalSection
	GlobalSection(ExtensibilityGlobals) = postSolution
		SolutionGuid = {8F8474EC-0C72-403E-AF73-EC9A2906D346}
	EndGlobalSection
EndGlobal
